
Microsoft Visual Studio Solution File, Format Version 12.00
# Visual Studio Version 16
VisualStudioVersion = 16.0.30717.126
MinimumVisualStudioVersion = 10.0.40219.1
Project("{FAE04EC0-301F-11D3-BF4B-00C04F79EFBC}") = "ZigluService", "src\ZigluService\ZigluService.csproj", "{D5F96C0C-527B-4B44-9103-1AE70E8587E4}"
EndProject
Project("{FAE04EC0-301F-11D3-BF4B-00C04F79EFBC}") = "ZigluFeatures", "test\ZigluFeatures\ZigluFeatures.csproj", "{945AA18F-7704-4D09-9E90-096FE70D1A6B}"
EndProject
Project("{FAE04EC0-301F-11D3-BF4B-00C04F79EFBC}") = "ApiClients", "src\ApiClients\ApiClients.csproj", "{02A9F1B8-C9CA-45AD-B036-9AF47991616A}"
EndProject
Project("{FAE04EC0-301F-11D3-BF4B-00C04F79EFBC}") = "ZigluConsole", "src\ZigluConsole\ZigluConsole.csproj", "{FC4CE12B-E003-4135-8BE0-4382A61D958D}"
EndProject
Global
	GlobalSection(SolutionConfigurationPlatforms) = preSolution
		Debug|Any CPU = Debug|Any CPU
		Release|Any CPU = Release|Any CPU
	EndGlobalSection
	GlobalSection(ProjectConfigurationPlatforms) = postSolution
		{D5F96C0C-527B-4B44-9103-1AE70E8587E4}.Debug|Any CPU.ActiveCfg = Debug|Any CPU
		{D5F96C0C-527B-4B44-9103-1AE70E8587E4}.Debug|Any CPU.Build.0 = Debug|Any CPU
		{D5F96C0C-527B-4B44-9103-1AE70E8587E4}.Release|Any CPU.ActiveCfg = Release|Any CPU
		{D5F96C0C-527B-4B44-9103-1AE70E8587E4}.Release|Any CPU.Build.0 = Release|Any CPU
		{945AA18F-7704-4D09-9E90-096FE70D1A6B}.Debug|Any CPU.ActiveCfg = Debug|Any CPU
		{945AA18F-7704-4D09-9E90-096FE70D1A6B}.Debug|Any CPU.Build.0 = Debug|Any CPU
		{945AA18F-7704-4D09-9E90-096FE70D1A6B}.Release|Any CPU.ActiveCfg = Release|Any CPU
		{945AA18F-7704-4D09-9E90-096FE70D1A6B}.Release|Any CPU.Build.0 = Release|Any CPU
		{02A9F1B8-C9CA-45AD-B036-9AF47991616A}.Debug|Any CPU.ActiveCfg = Debug|Any CPU
		{02A9F1B8-C9CA-45AD-B036-9AF47991616A}.Debug|Any CPU.Build.0 = Debug|Any CPU
		{02A9F1B8-C9CA-45AD-B036-9AF47991616A}.Release|Any CPU.ActiveCfg = Release|Any CPU
		{02A9F1B8-C9CA-45AD-B036-9AF47991616A}.Release|Any CPU.Build.0 = Release|Any CPU
		{FC4CE12B-E003-4135-8BE0-4382A61D958D}.Debug|Any CPU.ActiveCfg = Debug|Any CPU
		{FC4CE12B-E003-4135-8BE0-4382A61D958D}.Debug|Any CPU.Build.0 = Debug|Any CPU
		{FC4CE12B-E003-4135-8BE0-4382A61D958D}.Release|Any CPU.ActiveCfg = Release|Any CPU
		{FC4CE12B-E003-4135-8BE0-4382A61D958D}.Release|Any CPU.Build.0 = Release|Any CPU
	EndGlobalSection
	GlobalSection(SolutionProperties) = preSolution
		HideSolutionNode = FALSE
	EndGlobalSection
	GlobalSection(ExtensibilityGlobals) = postSolution
		SolutionGuid = {1970F5A8-8C5D-4903-BDD6-9BCA00B8087C}
	EndGlobalSection
EndGlobal
