
Microsoft Visual Studio Solution File, Format Version 12.00
# Visual Studio Version 16
VisualStudioVersion = 16.0.30717.126
MinimumVisualStudioVersion = 10.0.40219.1
Project("{9A19103F-16F7-4668-BE54-9A1E7A4F7556}") = "coingecko-tests", "test\coingecko-tests\coingecko-tests.csproj", "{FAD67124-61F4-4F0B-908D-92CAE4C6612E}"
EndProject
Project("{FAE04EC0-301F-11D3-BF4B-00C04F79EFBC}") = "coingecko-client", "src\coingecko-client\coingecko-client.csproj", "{3909430A-8132-4418-84C3-19DA473D9CD6}"
EndProject
Global
	GlobalSection(SolutionConfigurationPlatforms) = preSolution
		Debug|Any CPU = Debug|Any CPU
		Release|Any CPU = Release|Any CPU
	EndGlobalSection
	GlobalSection(ProjectConfigurationPlatforms) = postSolution
		{FAD67124-61F4-4F0B-908D-92CAE4C6612E}.Debug|Any CPU.ActiveCfg = Debug|Any CPU
		{FAD67124-61F4-4F0B-908D-92CAE4C6612E}.Debug|Any CPU.Build.0 = Debug|Any CPU
		{FAD67124-61F4-4F0B-908D-92CAE4C6612E}.Release|Any CPU.ActiveCfg = Release|Any CPU
		{FAD67124-61F4-4F0B-908D-92CAE4C6612E}.Release|Any CPU.Build.0 = Release|Any CPU
		{3909430A-8132-4418-84C3-19DA473D9CD6}.Debug|Any CPU.ActiveCfg = Debug|Any CPU
		{3909430A-8132-4418-84C3-19DA473D9CD6}.Debug|Any CPU.Build.0 = Debug|Any CPU
		{3909430A-8132-4418-84C3-19DA473D9CD6}.Release|Any CPU.ActiveCfg = Release|Any CPU
		{3909430A-8132-4418-84C3-19DA473D9CD6}.Release|Any CPU.Build.0 = Release|Any CPU
	EndGlobalSection
	GlobalSection(SolutionProperties) = preSolution
		HideSolutionNode = FALSE
	EndGlobalSection
	GlobalSection(ExtensibilityGlobals) = postSolution
		SolutionGuid = {1970F5A8-8C5D-4903-BDD6-9BCA00B8087C}
	EndGlobalSection
EndGlobal
